<?xml version="1.0" encoding="utf-8"?>
<Project ToolsVersion="4.0" xmlns="http://schemas.microsoft.com/developer/msbuild/2003">
  <ItemGroup>
    <Filter Include="Source Files">
      <UniqueIdentifier>{4FC737F1-C7A5-4376-A066-2A32D752A2FF}</UniqueIdentifier>
      <Extensions>cpp;c;cc;cxx;def;odl;idl;hpj;bat;asm;asmx</Extensions>
    </Filter>
    <Filter Include="Header Files">
      <UniqueIdentifier>{93995380-89BD-4b04-88EB-625FBE52EBFB}</UniqueIdentifier>
      <Extensions>h;hh;hpp;hxx;hm;inl;inc;ipp;xsd</Extensions>
    </Filter>
    <Filter Include="Resource Files">
      <UniqueIdentifier>{67DA6AB6-F800-4c08-8B7A-83BB121AAD01}</UniqueIdentifier>
      <Extensions>rc;ico;cur;bmp;dlg;rc2;rct;bin;rgs;gif;jpg;jpeg;jpe;resx;tiff;tif;png;wav;mfcribbon-ms</Extensions>
    </Filter>
  </ItemGroup>
  <ItemGroup>
    <ClCompile Include="code\Tests\Test_physics\testPhysicsMain.cpp">
      <Filter>Source Files</Filter>
    </ClCompile>
    <ClCompile Include="code\Tests\Test_application\testMain.cpp">
      <Filter>Source Files</Filter>
    </ClCompile>
    <ClCompile Include="code\Tests\Test_visually\testVisuallyMain.cpp">
      <Filter>Source Files</Filter>
    </ClCompile>
    <ClCompile Include="code\MiniLibs\physics\physicsPhysicalUnit.cpp">
      <Filter>Source Files</Filter>
    </ClCompile>
    <ClCompile Include="code\MiniLibs\physics\physicsPhysicalEntity.cpp">
      <Filter>Source Files</Filter>
    </ClCompile>
    <ClCompile Include="code\MiniLibs\physics\physicsGeneral.cpp">
      <Filter>Source Files</Filter>
    </ClCompile>
    <ClCompile Include="code\MiniLibs\physics\physicsCollision.cpp">
      <Filter>Source Files</Filter>
    </ClCompile>
    <ClCompile Include="code\MiniLibs\physics\physicsCollisionBody.cpp">
      <Filter>Source Files</Filter>
    </ClCompile>
    <ClCompile Include="code\MiniLibs\LOGGER\loggerGeneral.cpp">
      <Filter>Source Files</Filter>
    </ClCompile>
    <ClCompile Include="code\MiniLibs\LOGGER\loggerTextmanip.cpp">
      <Filter>Source Files</Filter>
    </ClCompile>
    <ClCompile Include="code\MiniLibs\LOGGER\loggerMessages.cpp">
      <Filter>Source Files</Filter>
    </ClCompile>
    <ClCompile Include="code\MiniLibs\APPLICATION\appState.cpp">
      <Filter>Source Files</Filter>
    </ClCompile>
    <ClCompile Include="code\MiniLibs\LOGGER\loggerFileOutput.cpp">
      <Filter>Source Files</Filter>
    </ClCompile>
  </ItemGroup>
  <ItemGroup>
    <ClInclude Include="code\CoreUtils.h">
      <Filter>Header Files</Filter>
    </ClInclude>
    <ClInclude Include="code\Tests\Test_physics\testPhysicsApp.h">
      <Filter>Header Files</Filter>
    </ClInclude>
    <ClInclude Include="code\Tests\Test_physics\testPhysicsAppState.h">
      <Filter>Header Files</Filter>
    </ClInclude>
    <ClInclude Include="code\Tests\Test_physics\testPhysicsAppStateImp.h">
      <Filter>Header Files</Filter>
    </ClInclude>
    <ClInclude Include="code\Tests\Test_application\testApp.h">
      <Filter>Header Files</Filter>
    </ClInclude>
    <ClInclude Include="code\Tests\Test_application\testAppState.h">
      <Filter>Header Files</Filter>
    </ClInclude>
    <ClInclude Include="code\Tests\Test_application\testAppStateImp.h">
      <Filter>Header Files</Filter>
    </ClInclude>
    <ClInclude Include="code\Tests\Test_visually\olc.h">
      <Filter>Header Files</Filter>
    </ClInclude>
    <ClInclude Include="code\MiniLibs\physics\physics.h">
      <Filter>Header Files</Filter>
    </ClInclude>
    <ClInclude Include="code\MiniLibs\LOGGER\logger.h">
      <Filter>Header Files</Filter>
    </ClInclude>
    <ClInclude Include="code\MiniLibs\APPLICATION\appState.h">
      <Filter>Header Files</Filter>
    </ClInclude>
    <ClInclude Include="code\MiniLibs\APPLICATION\application.h">
      <Filter>Header Files</Filter>
    </ClInclude>
  </ItemGroup>
  <ItemGroup>
    <Text Include="loggings\runtimeEvents.txt" />
    <Text Include="loggings\results.txt" />
  </ItemGroup>
</Project>