<?xml version="1.0" encoding="utf-8"?>
<Project ToolsVersion="4.0" xmlns="http://schemas.microsoft.com/developer/msbuild/2003">
  <ItemGroup>
    <Filter Include="Source Files">
      <UniqueIdentifier>{4FC737F1-C7A5-4376-A066-2A32D752A2FF}</UniqueIdentifier>
      <Extensions>cpp;c;cc;cxx;def;odl;idl;hpj;bat;asm;asmx</Extensions>
    </Filter>
    <Filter Include="Header Files">
      <UniqueIdentifier>{93995380-89BD-4b04-88EB-625FBE52EBFB}</UniqueIdentifier>
      <Extensions>h;hh;hpp;hxx;hm;inl;inc;ipp;xsd</Extensions>
    </Filter>
    <Filter Include="Resource Files">
      <UniqueIdentifier>{67DA6AB6-F800-4c08-8B7A-83BB121AAD01}</UniqueIdentifier>
      <Extensions>rc;ico;cur;bmp;dlg;rc2;rct;bin;rgs;gif;jpg;jpeg;jpe;resx;tiff;tif;png;wav;mfcribbon-ms</Extensions>
    </Filter>
  </ItemGroup>
  <ItemGroup>
    <ClCompile Include="code\Tests\Test_application\testMain.cpp">
      <Filter>Source Files</Filter>
    </ClCompile>
    <ClCompile Include="code\MiniLibs\physics\physicsPhysicalUnit.cpp">
      <Filter>Source Files</Filter>
    </ClCompile>
    <ClCompile Include="code\MiniLibs\physics\physicsPhysicalEntity.cpp">
      <Filter>Source Files</Filter>
    </ClCompile>
    <ClCompile Include="code\MiniLibs\physics\physicsCollisionBody.cpp">
      <Filter>Source Files</Filter>
    </ClCompile>
    <ClCompile Include="code\MiniLibs\LOGGER\loggerGeneral.cpp">
      <Filter>Source Files</Filter>
    </ClCompile>
    <ClCompile Include="code\MiniLibs\LOGGER\loggerTextmanip.cpp">
      <Filter>Source Files</Filter>
    </ClCompile>
    <ClCompile Include="code\MiniLibs\LOGGER\loggerMessages.cpp">
      <Filter>Source Files</Filter>
    </ClCompile>
    <ClCompile Include="code\MiniLibs\APPLICATION\appState.cpp">
      <Filter>Source Files</Filter>
    </ClCompile>
    <ClCompile Include="code\MiniLibs\LOGGER\loggerFileOutput.cpp">
      <Filter>Source Files</Filter>
    </ClCompile>
    <ClCompile Include="code\MiniLibs\INPUT\inputDetection.cpp">
      <Filter>Source Files</Filter>
    </ClCompile>
    <ClCompile Include="code\Tests\Test_input\testInputMain.cpp">
      <Filter>Source Files</Filter>
    </ClCompile>
    <ClCompile Include="code\MiniLibs\physics\physicsCollisionTests.cpp">
      <Filter>Source Files</Filter>
    </ClCompile>
    <ClCompile Include="code\MiniLibs\RENDER\renderManager.cpp">
      <Filter>Source Files</Filter>
    </ClCompile>
    <ClCompile Include="code\MiniLibs\RENDER\core\shader.cpp">
      <Filter>Source Files</Filter>
    </ClCompile>
    <ClCompile Include="code\MiniLibs\RENDER\core\mesh.cpp">
      <Filter>Source Files</Filter>
    </ClCompile>
    <ClCompile Include="code\MiniLibs\RENDER\core\display.cpp">
      <Filter>Source Files</Filter>
    </ClCompile>
    <ClCompile Include="code\MiniLibs\RENDER\core\texture.cpp">
      <Filter>Source Files</Filter>
    </ClCompile>
    <ClCompile Include="code\MiniLibs\RENDER\loading\stb_image.c">
      <Filter>Source Files</Filter>
    </ClCompile>
    <ClCompile Include="code\MiniLibs\RENDER\loading\obj_loader.cpp">
      <Filter>Source Files</Filter>
    </ClCompile>
    <ClCompile Include="code\MiniLibs\RENDER\specialties\GUI.cpp">
      <Filter>Source Files</Filter>
    </ClCompile>
    <ClCompile Include="code\MiniLibs\RENDER\specialties\skybox.cpp">
      <Filter>Source Files</Filter>
    </ClCompile>
    <ClCompile Include="code\MiniLibs\RENDER\core\shaders\generalShader.cpp">
      <Filter>Source Files</Filter>
    </ClCompile>
    <ClCompile Include="code\MiniLibs\RENDER\core\shaders\guiShader.cpp">
      <Filter>Source Files</Filter>
    </ClCompile>
    <ClCompile Include="code\MiniLibs\RENDER\core\shaders\skyboxShader.cpp">
      <Filter>Source Files</Filter>
    </ClCompile>
    <ClCompile Include="code\Tests\GraphicalTest\graphicalTestMain.cpp">
      <Filter>Source Files</Filter>
    </ClCompile>
    <ClCompile Include="code\MiniLibs\RENDER\core\shaders\relativePositionShader.cpp">
      <Filter>Source Files</Filter>
    </ClCompile>
    <ClCompile Include="code\Tests\FontTest\fontTestMain.cpp">
      <Filter>Source Files</Filter>
    </ClCompile>
  </ItemGroup>
  <ItemGroup>
    <ClInclude Include="code\Tests\Test_application\testApp.h">
      <Filter>Header Files</Filter>
    </ClInclude>
    <ClInclude Include="code\Tests\Test_application\testAppState.h">
      <Filter>Header Files</Filter>
    </ClInclude>
    <ClInclude Include="code\Tests\Test_application\testAppStateImp.h">
      <Filter>Header Files</Filter>
    </ClInclude>
    <ClInclude Include="code\MiniLibs\physics\physics.h">
      <Filter>Header Files</Filter>
    </ClInclude>
    <ClInclude Include="code\MiniLibs\LOGGER\logger.h">
      <Filter>Header Files</Filter>
    </ClInclude>
    <ClInclude Include="code\MiniLibs\APPLICATION\appState.h">
      <Filter>Header Files</Filter>
    </ClInclude>
    <ClInclude Include="code\MiniLibs\APPLICATION\application.h">
      <Filter>Header Files</Filter>
    </ClInclude>
    <ClInclude Include="code\MiniLibs\INPUT\inputDetection.h">
      <Filter>Header Files</Filter>
    </ClInclude>
    <ClInclude Include="code\Globals.h">
      <Filter>Header Files</Filter>
    </ClInclude>
    <ClInclude Include="code\MiniLibs\RENDER\renderManager.h">
      <Filter>Header Files</Filter>
    </ClInclude>
    <ClInclude Include="code\MiniLibs\RENDER\core\shader.h">
      <Filter>Header Files</Filter>
    </ClInclude>
    <ClInclude Include="code\MiniLibs\RENDER\core\mesh.h">
      <Filter>Header Files</Filter>
    </ClInclude>
    <ClInclude Include="code\MiniLibs\RENDER\core\display.h">
      <Filter>Header Files</Filter>
    </ClInclude>
    <ClInclude Include="code\MiniLibs\RENDER\core\camera.h">
      <Filter>Header Files</Filter>
    </ClInclude>
    <ClInclude Include="code\MiniLibs\RENDER\core\transform.h">
      <Filter>Header Files</Filter>
    </ClInclude>
    <ClInclude Include="code\MiniLibs\RENDER\core\texture.h">
      <Filter>Header Files</Filter>
    </ClInclude>
    <ClInclude Include="code\MiniLibs\RENDER\loading\stb_image.h">
      <Filter>Header Files</Filter>
    </ClInclude>
    <ClInclude Include="code\MiniLibs\RENDER\loading\obj_loader.h">
      <Filter>Header Files</Filter>
    </ClInclude>
    <ClInclude Include="code\MiniLibs\RENDER\specialties\skybox.h">
      <Filter>Header Files</Filter>
    </ClInclude>
    <ClInclude Include="code\MiniLibs\RENDER\specialties\GUI.h">
      <Filter>Header Files</Filter>
    </ClInclude>
    <ClInclude Include="code\MiniLibs\RENDER\specialties\quade.h">
      <Filter>Header Files</Filter>
    </ClInclude>
    <ClInclude Include="code\MiniLibs\RENDER\core\shaders\generalShader.h">
      <Filter>Header Files</Filter>
    </ClInclude>
    <ClInclude Include="code\MiniLibs\RENDER\core\shaders\guiShader.h">
      <Filter>Header Files</Filter>
    </ClInclude>
    <ClInclude Include="code\MiniLibs\RENDER\core\shaders\skyboxShader.h">
      <Filter>Header Files</Filter>
    </ClInclude>
    <ClInclude Include="code\MiniLibs\RENDER\renderGloabals.h">
      <Filter>Header Files</Filter>
    </ClInclude>
    <ClInclude Include="code\MiniLibs\RENDER\core\shaders\relativePositionShader.h">
      <Filter>Header Files</Filter>
    </ClInclude>
    <ClInclude Include="res\directories\resourceDirectories.h">
      <Filter>Header Files</Filter>
    </ClInclude>
  </ItemGroup>
  <ItemGroup>
    <Text Include="loggings\runtimeEvents.txt" />
    <Text Include="loggings\results.txt" />
    <Text Include="res\shaders\basicShader.fs.txt" />
    <Text Include="res\shaders\basicShader.vs.txt" />
    <Text Include="res\shaders\skyBoxShader.fs.txt" />
    <Text Include="res\shaders\skyBoxShader.vs.txt" />
    <Text Include="res\shaders\terrainShader.fs.txt" />
    <Text Include="res\shaders\terrainShader.vs.txt" />
    <Text Include="res\shaders\GUIShader.vs.txt" />
    <Text Include="res\shaders\GUIShader.fs.txt" />
    <Text Include="res\shaders\relativePositionShader.vs.txt" />
    <Text Include="res\shaders\relativePositionShader.fs.txt" />
  </ItemGroup>
  <ItemGroup>
    <Font Include="res\fonts\OpenSans-Bold.ttf" />
  </ItemGroup>
</Project>